// !$*UTF8*$!
{
	archiveVersion = 1;
	classes = {
	};
	objectVersion = 48;
	objects = {

/* Begin PBXBuildFile section */
		54606195209AF541006C376C /* Asset 1.png in Resources */ = {isa = PBXBuildFile; fileRef = 54606194209AF541006C376C /* Asset 1.png */; };
		547BC3BA206C70AB00F5D91A /* AppDelegate.swift in Sources */ = {isa = PBXBuildFile; fileRef = 547BC3B9206C70AB00F5D91A /* AppDelegate.swift */; };
		547BC3BC206C70AB00F5D91A /* ViewController.swift in Sources */ = {isa = PBXBuildFile; fileRef = 547BC3BB206C70AB00F5D91A /* ViewController.swift */; };
		547BC3BF206C70AB00F5D91A /* Main.storyboard in Resources */ = {isa = PBXBuildFile; fileRef = 547BC3BD206C70AB00F5D91A /* Main.storyboard */; };
		547BC3C2206C70AB00F5D91A /* Project.xcdatamodeld in Sources */ = {isa = PBXBuildFile; fileRef = 547BC3C0206C70AB00F5D91A /* Project.xcdatamodeld */; };
		547BC3C4206C70AB00F5D91A /* Assets.xcassets in Resources */ = {isa = PBXBuildFile; fileRef = 547BC3C3206C70AB00F5D91A /* Assets.xcassets */; };
		547BC3C7206C70AB00F5D91A /* LaunchScreen.storyboard in Resources */ = {isa = PBXBuildFile; fileRef = 547BC3C5206C70AB00F5D91A /* LaunchScreen.storyboard */; };
		547BC3D2206C70AB00F5D91A /* ProjectTests.swift in Sources */ = {isa = PBXBuildFile; fileRef = 547BC3D1206C70AB00F5D91A /* ProjectTests.swift */; };
		547BC3DD206C70AC00F5D91A /* ProjectUITests.swift in Sources */ = {isa = PBXBuildFile; fileRef = 547BC3DC206C70AC00F5D91A /* ProjectUITests.swift */; };
		547BC3EB207564A900F5D91A /* DishListTableViewController.swift in Sources */ = {isa = PBXBuildFile; fileRef = 547BC3EA207564A900F5D91A /* DishListTableViewController.swift */; };
		547BC3ED207564C000F5D91A /* DishListTableViewCell.swift in Sources */ = {isa = PBXBuildFile; fileRef = 547BC3EC207564C000F5D91A /* DishListTableViewCell.swift */; };
		547BC3EF20758BAF00F5D91A /* AddDishViewController.swift in Sources */ = {isa = PBXBuildFile; fileRef = 547BC3EE20758BAF00F5D91A /* AddDishViewController.swift */; };
		547BC3F1207596EE00F5D91A /* DishInfoViewController.swift in Sources */ = {isa = PBXBuildFile; fileRef = 547BC3F0207596EE00F5D91A /* DishInfoViewController.swift */; };
		547BC3F3207EF05500F5D91A /* CalorieViewController.swift in Sources */ = {isa = PBXBuildFile; fileRef = 547BC3F2207EF05500F5D91A /* CalorieViewController.swift */; };
		547BC3F5207F142C00F5D91A /* IngredientTableViewCell.swift in Sources */ = {isa = PBXBuildFile; fileRef = 547BC3F4207F142C00F5D91A /* IngredientTableViewCell.swift */; };
		547BC3FB207F14A600F5D91A /* ingredientList.swift in Sources */ = {isa = PBXBuildFile; fileRef = 547BC3FA207F14A600F5D91A /* ingredientList.swift */; };
		547BC3FF207F150300F5D91A /* IngredientTableViewController.swift in Sources */ = {isa = PBXBuildFile; fileRef = 547BC3FE207F150300F5D91A /* IngredientTableViewController.swift */; };
		547BC401207FEC7400F5D91A /* LoginViewController.swift in Sources */ = {isa = PBXBuildFile; fileRef = 547BC400207FEC7400F5D91A /* LoginViewController.swift */; };
		547BC403207FEDA800F5D91A /* SignUpViewController.swift in Sources */ = {isa = PBXBuildFile; fileRef = 547BC402207FEDA800F5D91A /* SignUpViewController.swift */; };
		54D47F422092AF9000A41D04 /* AddIngredientViewController.swift in Sources */ = {isa = PBXBuildFile; fileRef = 54D47F412092AF9000A41D04 /* AddIngredientViewController.swift */; };
		54D47F442092B41000A41D04 /* AddIngredientTableViewCell.swift in Sources */ = {isa = PBXBuildFile; fileRef = 54D47F432092B41000A41D04 /* AddIngredientTableViewCell.swift */; };
		54D47F482093B2A500A41D04 /* ShowIngredientTableViewCell.swift in Sources */ = {isa = PBXBuildFile; fileRef = 54D47F472093B2A500A41D04 /* ShowIngredientTableViewCell.swift */; };
		54F5D6032096EF45008AD034 /* GoogleService-Info.plist in Resources */ = {isa = PBXBuildFile; fileRef = 54F5D6022096EF45008AD034 /* GoogleService-Info.plist */; };
		54F5D6072096FA3C008AD034 /* settingServices.swift in Sources */ = {isa = PBXBuildFile; fileRef = 54F5D6052096FA3C008AD034 /* settingServices.swift */; };
		54F5D60B2098174E008AD034 /* AddGroceryViewController.swift in Sources */ = {isa = PBXBuildFile; fileRef = 54F5D60A2098174D008AD034 /* AddGroceryViewController.swift */; };
		54F5D60F20993919008AD034 /* settingViewController.swift in Sources */ = {isa = PBXBuildFile; fileRef = 54F5D60E20993919008AD034 /* settingViewController.swift */; };
		54F5D617209AF022008AD034 /* cart.png in Resources */ = {isa = PBXBuildFile; fileRef = 54F5D616209AF021008AD034 /* cart.png */; };
		71C552D342C4683A438D9974 /* Pods_Project.framework in Frameworks */ = {isa = PBXBuildFile; fileRef = 127707E21DC7B6E339AEB195 /* Pods_Project.framework */; };
/* End PBXBuildFile section */

/* Begin PBXContainerItemProxy section */
		547BC3CE206C70AB00F5D91A /* PBXContainerItemProxy */ = {
			isa = PBXContainerItemProxy;
			containerPortal = 547BC3AE206C70AB00F5D91A /* Project object */;
			proxyType = 1;
			remoteGlobalIDString = 547BC3B5206C70AB00F5D91A;
			remoteInfo = Project;
		};
		547BC3D9206C70AC00F5D91A /* PBXContainerItemProxy */ = {
			isa = PBXContainerItemProxy;
			containerPortal = 547BC3AE206C70AB00F5D91A /* Project object */;
			proxyType = 1;
			remoteGlobalIDString = 547BC3B5206C70AB00F5D91A;
			remoteInfo = Project;
		};
/* End PBXContainerItemProxy section */

/* Begin PBXFileReference section */
		127707E21DC7B6E339AEB195 /* Pods_Project.framework */ = {isa = PBXFileReference; explicitFileType = wrapper.framework; includeInIndex = 0; path = Pods_Project.framework; sourceTree = BUILT_PRODUCTS_DIR; };
		15CA54AEC3BF389429A46476 /* Pods-Project.debug.xcconfig */ = {isa = PBXFileReference; includeInIndex = 1; lastKnownFileType = text.xcconfig; name = "Pods-Project.debug.xcconfig"; path = "Pods/Target Support Files/Pods-Project/Pods-Project.debug.xcconfig"; sourceTree = "<group>"; };
		54606194209AF541006C376C /* Asset 1.png */ = {isa = PBXFileReference; lastKnownFileType = image.png; name = "Asset 1.png"; path = "../../../../../var/folders/hm/5rhhtm012b997fw27bfznlh40000gp/T/com.apple.iChat/Messages/Transfers/Asset 1.png"; sourceTree = "<group>"; };
		547BC3B6206C70AB00F5D91A /* Project.app */ = {isa = PBXFileReference; explicitFileType = wrapper.application; includeInIndex = 0; path = Project.app; sourceTree = BUILT_PRODUCTS_DIR; };
		547BC3B9206C70AB00F5D91A /* AppDelegate.swift */ = {isa = PBXFileReference; lastKnownFileType = sourcecode.swift; path = AppDelegate.swift; sourceTree = "<group>"; };
		547BC3BB206C70AB00F5D91A /* ViewController.swift */ = {isa = PBXFileReference; lastKnownFileType = sourcecode.swift; path = ViewController.swift; sourceTree = "<group>"; };
		547BC3BE206C70AB00F5D91A /* Base */ = {isa = PBXFileReference; lastKnownFileType = file.storyboard; name = Base; path = Base.lproj/Main.storyboard; sourceTree = "<group>"; };
		547BC3C1206C70AB00F5D91A /* Project.xcdatamodel */ = {isa = PBXFileReference; lastKnownFileType = wrapper.xcdatamodel; path = Project.xcdatamodel; sourceTree = "<group>"; };
		547BC3C3206C70AB00F5D91A /* Assets.xcassets */ = {isa = PBXFileReference; lastKnownFileType = folder.assetcatalog; path = Assets.xcassets; sourceTree = "<group>"; };
		547BC3C6206C70AB00F5D91A /* Base */ = {isa = PBXFileReference; lastKnownFileType = file.storyboard; name = Base; path = Base.lproj/LaunchScreen.storyboard; sourceTree = "<group>"; };
		547BC3C8206C70AB00F5D91A /* Info.plist */ = {isa = PBXFileReference; lastKnownFileType = text.plist.xml; path = Info.plist; sourceTree = "<group>"; };
		547BC3CD206C70AB00F5D91A /* ProjectTests.xctest */ = {isa = PBXFileReference; explicitFileType = wrapper.cfbundle; includeInIndex = 0; path = ProjectTests.xctest; sourceTree = BUILT_PRODUCTS_DIR; };
		547BC3D1206C70AB00F5D91A /* ProjectTests.swift */ = {isa = PBXFileReference; lastKnownFileType = sourcecode.swift; path = ProjectTests.swift; sourceTree = "<group>"; };
		547BC3D3206C70AB00F5D91A /* Info.plist */ = {isa = PBXFileReference; lastKnownFileType = text.plist.xml; path = Info.plist; sourceTree = "<group>"; };
		547BC3D8206C70AC00F5D91A /* ProjectUITests.xctest */ = {isa = PBXFileReference; explicitFileType = wrapper.cfbundle; includeInIndex = 0; path = ProjectUITests.xctest; sourceTree = BUILT_PRODUCTS_DIR; };
		547BC3DC206C70AC00F5D91A /* ProjectUITests.swift */ = {isa = PBXFileReference; lastKnownFileType = sourcecode.swift; path = ProjectUITests.swift; sourceTree = "<group>"; };
		547BC3DE206C70AC00F5D91A /* Info.plist */ = {isa = PBXFileReference; lastKnownFileType = text.plist.xml; path = Info.plist; sourceTree = "<group>"; };
		547BC3EA207564A900F5D91A /* DishListTableViewController.swift */ = {isa = PBXFileReference; lastKnownFileType = sourcecode.swift; path = DishListTableViewController.swift; sourceTree = "<group>"; };
		547BC3EC207564C000F5D91A /* DishListTableViewCell.swift */ = {isa = PBXFileReference; lastKnownFileType = sourcecode.swift; path = DishListTableViewCell.swift; sourceTree = "<group>"; };
		547BC3EE20758BAF00F5D91A /* AddDishViewController.swift */ = {isa = PBXFileReference; lastKnownFileType = sourcecode.swift; path = AddDishViewController.swift; sourceTree = "<group>"; };
		547BC3F0207596EE00F5D91A /* DishInfoViewController.swift */ = {isa = PBXFileReference; lastKnownFileType = sourcecode.swift; path = DishInfoViewController.swift; sourceTree = "<group>"; };
		547BC3F2207EF05500F5D91A /* CalorieViewController.swift */ = {isa = PBXFileReference; lastKnownFileType = sourcecode.swift; path = CalorieViewController.swift; sourceTree = "<group>"; };
		547BC3F4207F142C00F5D91A /* IngredientTableViewCell.swift */ = {isa = PBXFileReference; lastKnownFileType = sourcecode.swift; path = IngredientTableViewCell.swift; sourceTree = "<group>"; };
		547BC3FA207F14A600F5D91A /* ingredientList.swift */ = {isa = PBXFileReference; lastKnownFileType = sourcecode.swift; path = ingredientList.swift; sourceTree = "<group>"; };
		547BC3FE207F150300F5D91A /* IngredientTableViewController.swift */ = {isa = PBXFileReference; lastKnownFileType = sourcecode.swift; path = IngredientTableViewController.swift; sourceTree = "<group>"; };
		547BC400207FEC7400F5D91A /* LoginViewController.swift */ = {isa = PBXFileReference; lastKnownFileType = sourcecode.swift; path = LoginViewController.swift; sourceTree = "<group>"; };
		547BC402207FEDA800F5D91A /* SignUpViewController.swift */ = {isa = PBXFileReference; lastKnownFileType = sourcecode.swift; path = SignUpViewController.swift; sourceTree = "<group>"; };
		54D47F412092AF9000A41D04 /* AddIngredientViewController.swift */ = {isa = PBXFileReference; lastKnownFileType = sourcecode.swift; path = AddIngredientViewController.swift; sourceTree = "<group>"; };
		54D47F432092B41000A41D04 /* AddIngredientTableViewCell.swift */ = {isa = PBXFileReference; lastKnownFileType = sourcecode.swift; path = AddIngredientTableViewCell.swift; sourceTree = "<group>"; };
		54D47F472093B2A500A41D04 /* ShowIngredientTableViewCell.swift */ = {isa = PBXFileReference; lastKnownFileType = sourcecode.swift; path = ShowIngredientTableViewCell.swift; sourceTree = "<group>"; };
		54F5D6022096EF45008AD034 /* GoogleService-Info.plist */ = {isa = PBXFileReference; fileEncoding = 4; lastKnownFileType = text.plist.xml; path = "GoogleService-Info.plist"; sourceTree = SOURCE_ROOT; };
		54F5D6052096FA3C008AD034 /* settingServices.swift */ = {isa = PBXFileReference; fileEncoding = 4; lastKnownFileType = sourcecode.swift; name = settingServices.swift; path = "../../../Library/Messages/Attachments/a6/06/EBC28BBB-748C-412F-9BDF-C6F80160BA56/Project 2/Project/settingServices.swift"; sourceTree = "<group>"; };
		54F5D60A2098174D008AD034 /* AddGroceryViewController.swift */ = {isa = PBXFileReference; fileEncoding = 4; lastKnownFileType = sourcecode.swift; name = AddGroceryViewController.swift; path = "../../../Library/Messages/Attachments/ef/15/2C67196C-DC05-4F00-B20C-3B1FB9558E70/Project 3 final/Project/AddGroceryViewController.swift"; sourceTree = "<group>"; };
		54F5D60E20993919008AD034 /* settingViewController.swift */ = {isa = PBXFileReference; lastKnownFileType = sourcecode.swift; path = settingViewController.swift; sourceTree = "<group>"; };
		54F5D616209AF021008AD034 /* cart.png */ = {isa = PBXFileReference; lastKnownFileType = image.png; name = cart.png; path = ../../cart.png; sourceTree = "<group>"; };
		8155F8F8405093857A1B6578 /* Pods-Project.release.xcconfig */ = {isa = PBXFileReference; includeInIndex = 1; lastKnownFileType = text.xcconfig; name = "Pods-Project.release.xcconfig"; path = "Pods/Target Support Files/Pods-Project/Pods-Project.release.xcconfig"; sourceTree = "<group>"; };
/* End PBXFileReference section */

/* Begin PBXFrameworksBuildPhase section */
		547BC3B3206C70AB00F5D91A /* Frameworks */ = {
			isa = PBXFrameworksBuildPhase;
			buildActionMask = 2147483647;
			files = (
				71C552D342C4683A438D9974 /* Pods_Project.framework in Frameworks */,
			);
			runOnlyForDeploymentPostprocessing = 0;
		};
		547BC3CA206C70AB00F5D91A /* Frameworks */ = {
			isa = PBXFrameworksBuildPhase;
			buildActionMask = 2147483647;
			files = (
			);
			runOnlyForDeploymentPostprocessing = 0;
		};
		547BC3D5206C70AC00F5D91A /* Frameworks */ = {
			isa = PBXFrameworksBuildPhase;
			buildActionMask = 2147483647;
			files = (
			);
			runOnlyForDeploymentPostprocessing = 0;
		};
/* End PBXFrameworksBuildPhase section */

/* Begin PBXGroup section */
		547BC3AD206C70AB00F5D91A = {
			isa = PBXGroup;
			children = (
				547BC3B8206C70AB00F5D91A /* Project */,
				547BC3D0206C70AB00F5D91A /* ProjectTests */,
				547BC3DB206C70AC00F5D91A /* ProjectUITests */,
				547BC3B7206C70AB00F5D91A /* Products */,
				984623DD0AF72341B75BE62A /* Pods */,
				6E47CA246D7EDB65BEA8A45E /* Frameworks */,
			);
			sourceTree = "<group>";
		};
		547BC3B7206C70AB00F5D91A /* Products */ = {
			isa = PBXGroup;
			children = (
				547BC3B6206C70AB00F5D91A /* Project.app */,
				547BC3CD206C70AB00F5D91A /* ProjectTests.xctest */,
				547BC3D8206C70AC00F5D91A /* ProjectUITests.xctest */,
			);
			name = Products;
			sourceTree = "<group>";
		};
		547BC3B8206C70AB00F5D91A /* Project */ = {
			isa = PBXGroup;
			children = (
				54F5D60A2098174D008AD034 /* AddGroceryViewController.swift */,
				54F5D6052096FA3C008AD034 /* settingServices.swift */,
				547BC3B9206C70AB00F5D91A /* AppDelegate.swift */,
				547BC3BB206C70AB00F5D91A /* ViewController.swift */,
				54606194209AF541006C376C /* Asset 1.png */,
				547BC3C3206C70AB00F5D91A /* Assets.xcassets */,
				547BC3BD206C70AB00F5D91A /* Main.storyboard */,
				547BC3C5206C70AB00F5D91A /* LaunchScreen.storyboard */,
				547BC3C8206C70AB00F5D91A /* Info.plist */,
				547BC400207FEC7400F5D91A /* LoginViewController.swift */,
				547BC402207FEDA800F5D91A /* SignUpViewController.swift */,
				547BC3C0206C70AB00F5D91A /* Project.xcdatamodeld */,
				547BC3F4207F142C00F5D91A /* IngredientTableViewCell.swift */,
				547BC3FA207F14A600F5D91A /* ingredientList.swift */,
				547BC3FE207F150300F5D91A /* IngredientTableViewController.swift */,
				54F5D6022096EF45008AD034 /* GoogleService-Info.plist */,
				54F5D616209AF021008AD034 /* cart.png */,
				54D47F3F2092AE0E00A41D04 /* Dish */,
				547BC3F2207EF05500F5D91A /* CalorieViewController.swift */,
				54F5D60E20993919008AD034 /* settingViewController.swift */,
			);
			path = Project;
			sourceTree = "<group>";
		};
		547BC3D0206C70AB00F5D91A /* ProjectTests */ = {
			isa = PBXGroup;
			children = (
				547BC3D1206C70AB00F5D91A /* ProjectTests.swift */,
				547BC3D3206C70AB00F5D91A /* Info.plist */,
			);
			path = ProjectTests;
			sourceTree = "<group>";
		};
		547BC3DB206C70AC00F5D91A /* ProjectUITests */ = {
			isa = PBXGroup;
			children = (
				547BC3DC206C70AC00F5D91A /* ProjectUITests.swift */,
				547BC3DE206C70AC00F5D91A /* Info.plist */,
			);
			path = ProjectUITests;
			sourceTree = "<group>";
		};
		54D47F3F2092AE0E00A41D04 /* Dish */ = {
			isa = PBXGroup;
			children = (
				54D47F402092AF7200A41D04 /* Add Ingredient */,
				547BC3EA207564A900F5D91A /* DishListTableViewController.swift */,
				547BC3EC207564C000F5D91A /* DishListTableViewCell.swift */,
				547BC3EE20758BAF00F5D91A /* AddDishViewController.swift */,
				547BC3F0207596EE00F5D91A /* DishInfoViewController.swift */,
				54D47F472093B2A500A41D04 /* ShowIngredientTableViewCell.swift */,
			);
			path = Dish;
			sourceTree = "<group>";
		};
		54D47F402092AF7200A41D04 /* Add Ingredient */ = {
			isa = PBXGroup;
			children = (
				54D47F412092AF9000A41D04 /* AddIngredientViewController.swift */,
				54D47F432092B41000A41D04 /* AddIngredientTableViewCell.swift */,
			);
			path = "Add Ingredient";
			sourceTree = "<group>";
		};
		6E47CA246D7EDB65BEA8A45E /* Frameworks */ = {
			isa = PBXGroup;
			children = (
				127707E21DC7B6E339AEB195 /* Pods_Project.framework */,
			);
			name = Frameworks;
			sourceTree = "<group>";
		};
		984623DD0AF72341B75BE62A /* Pods */ = {
			isa = PBXGroup;
			children = (
				15CA54AEC3BF389429A46476 /* Pods-Project.debug.xcconfig */,
				8155F8F8405093857A1B6578 /* Pods-Project.release.xcconfig */,
			);
			name = Pods;
			sourceTree = "<group>";
		};
/* End PBXGroup section */

/* Begin PBXNativeTarget section */
		547BC3B5206C70AB00F5D91A /* Project */ = {
			isa = PBXNativeTarget;
			buildConfigurationList = 547BC3E1206C70AC00F5D91A /* Build configuration list for PBXNativeTarget "Project" */;
			buildPhases = (
				A611F83A5E0F44216B76B988 /* [CP] Check Pods Manifest.lock */,
				547BC3B2206C70AB00F5D91A /* Sources */,
				547BC3B3206C70AB00F5D91A /* Frameworks */,
				547BC3B4206C70AB00F5D91A /* Resources */,
				6E91BE25F8582784EF6043D7 /* [CP] Embed Pods Frameworks */,
			);
			buildRules = (
			);
			dependencies = (
			);
			name = Project;
			productName = Project;
			productReference = 547BC3B6206C70AB00F5D91A /* Project.app */;
			productType = "com.apple.product-type.application";
		};
		547BC3CC206C70AB00F5D91A /* ProjectTests */ = {
			isa = PBXNativeTarget;
			buildConfigurationList = 547BC3E4206C70AC00F5D91A /* Build configuration list for PBXNativeTarget "ProjectTests" */;
			buildPhases = (
				547BC3C9206C70AB00F5D91A /* Sources */,
				547BC3CA206C70AB00F5D91A /* Frameworks */,
				547BC3CB206C70AB00F5D91A /* Resources */,
			);
			buildRules = (
			);
			dependencies = (
				547BC3CF206C70AB00F5D91A /* PBXTargetDependency */,
			);
			name = ProjectTests;
			productName = ProjectTests;
			productReference = 547BC3CD206C70AB00F5D91A /* ProjectTests.xctest */;
			productType = "com.apple.product-type.bundle.unit-test";
		};
		547BC3D7206C70AC00F5D91A /* ProjectUITests */ = {
			isa = PBXNativeTarget;
			buildConfigurationList = 547BC3E7206C70AC00F5D91A /* Build configuration list for PBXNativeTarget "ProjectUITests" */;
			buildPhases = (
				547BC3D4206C70AC00F5D91A /* Sources */,
				547BC3D5206C70AC00F5D91A /* Frameworks */,
				547BC3D6206C70AC00F5D91A /* Resources */,
			);
			buildRules = (
			);
			dependencies = (
				547BC3DA206C70AC00F5D91A /* PBXTargetDependency */,
			);
			name = ProjectUITests;
			productName = ProjectUITests;
			productReference = 547BC3D8206C70AC00F5D91A /* ProjectUITests.xctest */;
			productType = "com.apple.product-type.bundle.ui-testing";
		};
/* End PBXNativeTarget section */

/* Begin PBXProject section */
		547BC3AE206C70AB00F5D91A /* Project object */ = {
			isa = PBXProject;
			attributes = {
				LastSwiftUpdateCheck = 0920;
				LastUpgradeCheck = 0920;
				ORGANIZATIONNAME = "Tracy Chea";
				TargetAttributes = {
					547BC3B5206C70AB00F5D91A = {
						CreatedOnToolsVersion = 9.2;
						ProvisioningStyle = Automatic;
					};
					547BC3CC206C70AB00F5D91A = {
						CreatedOnToolsVersion = 9.2;
						ProvisioningStyle = Automatic;
						TestTargetID = 547BC3B5206C70AB00F5D91A;
					};
					547BC3D7206C70AC00F5D91A = {
						CreatedOnToolsVersion = 9.2;
						ProvisioningStyle = Automatic;
						TestTargetID = 547BC3B5206C70AB00F5D91A;
					};
				};
			};
			buildConfigurationList = 547BC3B1206C70AB00F5D91A /* Build configuration list for PBXProject "Project" */;
			compatibilityVersion = "Xcode 8.0";
			developmentRegion = en;
			hasScannedForEncodings = 0;
			knownRegions = (
				en,
				Base,
			);
			mainGroup = 547BC3AD206C70AB00F5D91A;
			productRefGroup = 547BC3B7206C70AB00F5D91A /* Products */;
			projectDirPath = "";
			projectRoot = "";
			targets = (
				547BC3B5206C70AB00F5D91A /* Project */,
				547BC3CC206C70AB00F5D91A /* ProjectTests */,
				547BC3D7206C70AC00F5D91A /* ProjectUITests */,
			);
		};
/* End PBXProject section */

/* Begin PBXResourcesBuildPhase section */
		547BC3B4206C70AB00F5D91A /* Resources */ = {
			isa = PBXResourcesBuildPhase;
			buildActionMask = 2147483647;
			files = (
				547BC3C7206C70AB00F5D91A /* LaunchScreen.storyboard in Resources */,
				54F5D617209AF022008AD034 /* cart.png in Resources */,
				54F5D6032096EF45008AD034 /* GoogleService-Info.plist in Resources */,
				54606195209AF541006C376C /* Asset 1.png in Resources */,
				547BC3C4206C70AB00F5D91A /* Assets.xcassets in Resources */,
				547BC3BF206C70AB00F5D91A /* Main.storyboard in Resources */,
			);
			runOnlyForDeploymentPostprocessing = 0;
		};
		547BC3CB206C70AB00F5D91A /* Resources */ = {
			isa = PBXResourcesBuildPhase;
			buildActionMask = 2147483647;
			files = (
			);
			runOnlyForDeploymentPostprocessing = 0;
		};
		547BC3D6206C70AC00F5D91A /* Resources */ = {
			isa = PBXResourcesBuildPhase;
			buildActionMask = 2147483647;
			files = (
			);
			runOnlyForDeploymentPostprocessing = 0;
		};
/* End PBXResourcesBuildPhase section */

/* Begin PBXShellScriptBuildPhase section */
		6E91BE25F8582784EF6043D7 /* [CP] Embed Pods Frameworks */ = {
			isa = PBXShellScriptBuildPhase;
			buildActionMask = 2147483647;
			files = (
			);
			inputPaths = (
				"${SRCROOT}/Pods/Target Support Files/Pods-Project/Pods-Project-frameworks.sh",
				"${BUILT_PRODUCTS_DIR}/GTMSessionFetcher/GTMSessionFetcher.framework",
				"${BUILT_PRODUCTS_DIR}/GoogleToolboxForMac/GoogleToolboxForMac.framework",
				"${BUILT_PRODUCTS_DIR}/leveldb-library/leveldb.framework",
				"${BUILT_PRODUCTS_DIR}/nanopb/nanopb.framework",
			);
			name = "[CP] Embed Pods Frameworks";
			outputPaths = (
				"${TARGET_BUILD_DIR}/${FRAMEWORKS_FOLDER_PATH}/GTMSessionFetcher.framework",
				"${TARGET_BUILD_DIR}/${FRAMEWORKS_FOLDER_PATH}/GoogleToolboxForMac.framework",
				"${TARGET_BUILD_DIR}/${FRAMEWORKS_FOLDER_PATH}/leveldb.framework",
				"${TARGET_BUILD_DIR}/${FRAMEWORKS_FOLDER_PATH}/nanopb.framework",
			);
			runOnlyForDeploymentPostprocessing = 0;
			shellPath = /bin/sh;
			shellScript = "\"${SRCROOT}/Pods/Target Support Files/Pods-Project/Pods-Project-frameworks.sh\"\n";
			showEnvVarsInLog = 0;
		};
		A611F83A5E0F44216B76B988 /* [CP] Check Pods Manifest.lock */ = {
			isa = PBXShellScriptBuildPhase;
			buildActionMask = 2147483647;
			files = (
			);
			inputPaths = (
				"${PODS_PODFILE_DIR_PATH}/Podfile.lock",
				"${PODS_ROOT}/Manifest.lock",
			);
			name = "[CP] Check Pods Manifest.lock";
			outputPaths = (
				"$(DERIVED_FILE_DIR)/Pods-Project-checkManifestLockResult.txt",
			);
			runOnlyForDeploymentPostprocessing = 0;
			shellPath = /bin/sh;
			shellScript = "diff \"${PODS_PODFILE_DIR_PATH}/Podfile.lock\" \"${PODS_ROOT}/Manifest.lock\" > /dev/null\nif [ $? != 0 ] ; then\n    # print error to STDERR\n    echo \"error: The sandbox is not in sync with the Podfile.lock. Run 'pod install' or update your CocoaPods installation.\" >&2\n    exit 1\nfi\n# This output is used by Xcode 'outputs' to avoid re-running this script phase.\necho \"SUCCESS\" > \"${SCRIPT_OUTPUT_FILE_0}\"\n";
			showEnvVarsInLog = 0;
		};
/* End PBXShellScriptBuildPhase section */

/* Begin PBXSourcesBuildPhase section */
		547BC3B2206C70AB00F5D91A /* Sources */ = {
			isa = PBXSourcesBuildPhase;
			buildActionMask = 2147483647;
			files = (
				54F5D6072096FA3C008AD034 /* settingServices.swift in Sources */,
				547BC3BC206C70AB00F5D91A /* ViewController.swift in Sources */,
				547BC3ED207564C000F5D91A /* DishListTableViewCell.swift in Sources */,
				547BC3EB207564A900F5D91A /* DishListTableViewController.swift in Sources */,
				547BC401207FEC7400F5D91A /* LoginViewController.swift in Sources */,
				547BC3FF207F150300F5D91A /* IngredientTableViewController.swift in Sources */,
				54D47F422092AF9000A41D04 /* AddIngredientViewController.swift in Sources */,
				547BC3FB207F14A600F5D91A /* ingredientList.swift in Sources */,
				547BC3C2206C70AB00F5D91A /* Project.xcdatamodeld in Sources */,
				547BC3F3207EF05500F5D91A /* CalorieViewController.swift in Sources */,
				547BC403207FEDA800F5D91A /* SignUpViewController.swift in Sources */,
				54D47F442092B41000A41D04 /* AddIngredientTableViewCell.swift in Sources */,
				547BC3F1207596EE00F5D91A /* DishInfoViewController.swift in Sources */,
				54F5D60B2098174E008AD034 /* AddGroceryViewController.swift in Sources */,
				54F5D60F20993919008AD034 /* settingViewController.swift in Sources */,
				54D47F482093B2A500A41D04 /* ShowIngredientTableViewCell.swift in Sources */,
				547BC3EF20758BAF00F5D91A /* AddDishViewController.swift in Sources */,
				547BC3BA206C70AB00F5D91A /* AppDelegate.swift in Sources */,
				547BC3F5207F142C00F5D91A /* IngredientTableViewCell.swift in Sources */,
			);
			runOnlyForDeploymentPostprocessing = 0;
		};
		547BC3C9206C70AB00F5D91A /* Sources */ = {
			isa = PBXSourcesBuildPhase;
			buildActionMask = 2147483647;
			files = (
				547BC3D2206C70AB00F5D91A /* ProjectTests.swift in Sources */,
			);
			runOnlyForDeploymentPostprocessing = 0;
		};
		547BC3D4206C70AC00F5D91A /* Sources */ = {
			isa = PBXSourcesBuildPhase;
			buildActionMask = 2147483647;
			files = (
				547BC3DD206C70AC00F5D91A /* ProjectUITests.swift in Sources */,
			);
			runOnlyForDeploymentPostprocessing = 0;
		};
/* End PBXSourcesBuildPhase section */

/* Begin PBXTargetDependency section */
		547BC3CF206C70AB00F5D91A /* PBXTargetDependency */ = {
			isa = PBXTargetDependency;
			target = 547BC3B5206C70AB00F5D91A /* Project */;
			targetProxy = 547BC3CE206C70AB00F5D91A /* PBXContainerItemProxy */;
		};
		547BC3DA206C70AC00F5D91A /* PBXTargetDependency */ = {
			isa = PBXTargetDependency;
			target = 547BC3B5206C70AB00F5D91A /* Project */;
			targetProxy = 547BC3D9206C70AC00F5D91A /* PBXContainerItemProxy */;
		};
/* End PBXTargetDependency section */

/* Begin PBXVariantGroup section */
		547BC3BD206C70AB00F5D91A /* Main.storyboard */ = {
			isa = PBXVariantGroup;
			children = (
				547BC3BE206C70AB00F5D91A /* Base */,
			);
			name = Main.storyboard;
			sourceTree = "<group>";
		};
		547BC3C5206C70AB00F5D91A /* LaunchScreen.storyboard */ = {
			isa = PBXVariantGroup;
			children = (
				547BC3C6206C70AB00F5D91A /* Base */,
			);
			name = LaunchScreen.storyboard;
			sourceTree = "<group>";
		};
/* End PBXVariantGroup section */

/* Begin XCBuildConfiguration section */
		547BC3DF206C70AC00F5D91A /* Debug */ = {
			isa = XCBuildConfiguration;
			buildSettings = {
				ALWAYS_SEARCH_USER_PATHS = NO;
				CLANG_ANALYZER_NONNULL = YES;
				CLANG_ANALYZER_NUMBER_OBJECT_CONVERSION = YES_AGGRESSIVE;
				CLANG_CXX_LANGUAGE_STANDARD = "gnu++14";
				CLANG_CXX_LIBRARY = "libc++";
				CLANG_ENABLE_MODULES = YES;
				CLANG_ENABLE_OBJC_ARC = YES;
				CLANG_WARN_BLOCK_CAPTURE_AUTORELEASING = YES;
				CLANG_WARN_BOOL_CONVERSION = YES;
				CLANG_WARN_COMMA = YES;
				CLANG_WARN_CONSTANT_CONVERSION = YES;
				CLANG_WARN_DIRECT_OBJC_ISA_USAGE = YES_ERROR;
				CLANG_WARN_DOCUMENTATION_COMMENTS = YES;
				CLANG_WARN_EMPTY_BODY = YES;
				CLANG_WARN_ENUM_CONVERSION = YES;
				CLANG_WARN_INFINITE_RECURSION = YES;
				CLANG_WARN_INT_CONVERSION = YES;
				CLANG_WARN_NON_LITERAL_NULL_CONVERSION = YES;
				CLANG_WARN_OBJC_LITERAL_CONVERSION = YES;
				CLANG_WARN_OBJC_ROOT_CLASS = YES_ERROR;
				CLANG_WARN_RANGE_LOOP_ANALYSIS = YES;
				CLANG_WARN_STRICT_PROTOTYPES = YES;
				CLANG_WARN_SUSPICIOUS_MOVE = YES;
				CLANG_WARN_UNGUARDED_AVAILABILITY = YES_AGGRESSIVE;
				CLANG_WARN_UNREACHABLE_CODE = YES;
				CLANG_WARN__DUPLICATE_METHOD_MATCH = YES;
				CODE_SIGN_IDENTITY = "iPhone Developer";
				COPY_PHASE_STRIP = NO;
				DEBUG_INFORMATION_FORMAT = dwarf;
				ENABLE_STRICT_OBJC_MSGSEND = YES;
				ENABLE_TESTABILITY = YES;
				GCC_C_LANGUAGE_STANDARD = gnu11;
				GCC_DYNAMIC_NO_PIC = NO;
				GCC_NO_COMMON_BLOCKS = YES;
				GCC_OPTIMIZATION_LEVEL = 0;
				GCC_PREPROCESSOR_DEFINITIONS = (
					"DEBUG=1",
					"$(inherited)",
				);
				GCC_WARN_64_TO_32_BIT_CONVERSION = YES;
				GCC_WARN_ABOUT_RETURN_TYPE = YES_ERROR;
				GCC_WARN_UNDECLARED_SELECTOR = YES;
				GCC_WARN_UNINITIALIZED_AUTOS = YES_AGGRESSIVE;
				GCC_WARN_UNUSED_FUNCTION = YES;
				GCC_WARN_UNUSED_VARIABLE = YES;
				IPHONEOS_DEPLOYMENT_TARGET = 11.2;
				MTL_ENABLE_DEBUG_INFO = YES;
				ONLY_ACTIVE_ARCH = YES;
				SDKROOT = iphoneos;
				SWIFT_ACTIVE_COMPILATION_CONDITIONS = DEBUG;
				SWIFT_OPTIMIZATION_LEVEL = "-Onone";
			};
			name = Debug;
		};
		547BC3E0206C70AC00F5D91A /* Release */ = {
			isa = XCBuildConfiguration;
			buildSettings = {
				ALWAYS_SEARCH_USER_PATHS = NO;
				CLANG_ANALYZER_NONNULL = YES;
				CLANG_ANALYZER_NUMBER_OBJECT_CONVERSION = YES_AGGRESSIVE;
				CLANG_CXX_LANGUAGE_STANDARD = "gnu++14";
				CLANG_CXX_LIBRARY = "libc++";
				CLANG_ENABLE_MODULES = YES;
				CLANG_ENABLE_OBJC_ARC = YES;
				CLANG_WARN_BLOCK_CAPTURE_AUTORELEASING = YES;
				CLANG_WARN_BOOL_CONVERSION = YES;
				CLANG_WARN_COMMA = YES;
				CLANG_WARN_CONSTANT_CONVERSION = YES;
				CLANG_WARN_DIRECT_OBJC_ISA_USAGE = YES_ERROR;
				CLANG_WARN_DOCUMENTATION_COMMENTS = YES;
				CLANG_WARN_EMPTY_BODY = YES;
				CLANG_WARN_ENUM_CONVERSION = YES;
				CLANG_WARN_INFINITE_RECURSION = YES;
				CLANG_WARN_INT_CONVERSION = YES;
				CLANG_WARN_NON_LITERAL_NULL_CONVERSION = YES;
				CLANG_WARN_OBJC_LITERAL_CONVERSION = YES;
				CLANG_WARN_OBJC_ROOT_CLASS = YES_ERROR;
				CLANG_WARN_RANGE_LOOP_ANALYSIS = YES;
				CLANG_WARN_STRICT_PROTOTYPES = YES;
				CLANG_WARN_SUSPICIOUS_MOVE = YES;
				CLANG_WARN_UNGUARDED_AVAILABILITY = YES_AGGRESSIVE;
				CLANG_WARN_UNREACHABLE_CODE = YES;
				CLANG_WARN__DUPLICATE_METHOD_MATCH = YES;
				CODE_SIGN_IDENTITY = "iPhone Developer";
				COPY_PHASE_STRIP = NO;
				DEBUG_INFORMATION_FORMAT = "dwarf-with-dsym";
				ENABLE_NS_ASSERTIONS = NO;
				ENABLE_STRICT_OBJC_MSGSEND = YES;
				GCC_C_LANGUAGE_STANDARD = gnu11;
				GCC_NO_COMMON_BLOCKS = YES;
				GCC_WARN_64_TO_32_BIT_CONVERSION = YES;
				GCC_WARN_ABOUT_RETURN_TYPE = YES_ERROR;
				GCC_WARN_UNDECLARED_SELECTOR = YES;
				GCC_WARN_UNINITIALIZED_AUTOS = YES_AGGRESSIVE;
				GCC_WARN_UNUSED_FUNCTION = YES;
				GCC_WARN_UNUSED_VARIABLE = YES;
				IPHONEOS_DEPLOYMENT_TARGET = 11.2;
				MTL_ENABLE_DEBUG_INFO = NO;
				SDKROOT = iphoneos;
				SWIFT_OPTIMIZATION_LEVEL = "-Owholemodule";
				VALIDATE_PRODUCT = YES;
			};
			name = Release;
		};
		547BC3E2206C70AC00F5D91A /* Debug */ = {
			isa = XCBuildConfiguration;
			baseConfigurationReference = 15CA54AEC3BF389429A46476 /* Pods-Project.debug.xcconfig */;
			buildSettings = {
				ASSETCATALOG_COMPILER_APPICON_NAME = AppIcon;
				CODE_SIGN_STYLE = Automatic;
				INFOPLIST_FILE = Project/Info.plist;
				LD_RUNPATH_SEARCH_PATHS = "$(inherited) @executable_path/Frameworks";
				PRODUCT_BUNDLE_IDENTIFIER = cs329egroupproject.Project;
				PRODUCT_NAME = "$(TARGET_NAME)";
				SWIFT_VERSION = 4.0;
				TARGETED_DEVICE_FAMILY = "1,2";
			};
			name = Debug;
		};
		547BC3E3206C70AC00F5D91A /* Release */ = {
			isa = XCBuildConfiguration;
			baseConfigurationReference = 8155F8F8405093857A1B6578 /* Pods-Project.release.xcconfig */;
			buildSettings = {
				ASSETCATALOG_COMPILER_APPICON_NAME = AppIcon;
				CODE_SIGN_STYLE = Automatic;
				INFOPLIST_FILE = Project/Info.plist;
				LD_RUNPATH_SEARCH_PATHS = "$(inherited) @executable_path/Frameworks";
				PRODUCT_BUNDLE_IDENTIFIER = cs329egroupproject.Project;
				PRODUCT_NAME = "$(TARGET_NAME)";
				SWIFT_VERSION = 4.0;
				TARGETED_DEVICE_FAMILY = "1,2";
			};
			name = Release;
		};
		547BC3E5206C70AC00F5D91A /* Debug */ = {
			isa = XCBuildConfiguration;
			buildSettings = {
				ALWAYS_EMBED_SWIFT_STANDARD_LIBRARIES = YES;
				BUNDLE_LOADER = "$(TEST_HOST)";
				CODE_SIGN_STYLE = Automatic;
				INFOPLIST_FILE = ProjectTests/Info.plist;
				LD_RUNPATH_SEARCH_PATHS = "$(inherited) @executable_path/Frameworks @loader_path/Frameworks";
				PRODUCT_BUNDLE_IDENTIFIER = cs329egroupproject.ProjectTests;
				PRODUCT_NAME = "$(TARGET_NAME)";
				SWIFT_VERSION = 4.0;
				TARGETED_DEVICE_FAMILY = "1,2";
				TEST_HOST = "$(BUILT_PRODUCTS_DIR)/Project.app/Project";
			};
			name = Debug;
		};
		547BC3E6206C70AC00F5D91A /* Release */ = {
			isa = XCBuildConfiguration;
			buildSettings = {
				ALWAYS_EMBED_SWIFT_STANDARD_LIBRARIES = YES;
				BUNDLE_LOADER = "$(TEST_HOST)";
				CODE_SIGN_STYLE = Automatic;
				INFOPLIST_FILE = ProjectTests/Info.plist;
				LD_RUNPATH_SEARCH_PATHS = "$(inherited) @executable_path/Frameworks @loader_path/Frameworks";
				PRODUCT_BUNDLE_IDENTIFIER = cs329egroupproject.ProjectTests;
				PRODUCT_NAME = "$(TARGET_NAME)";
				SWIFT_VERSION = 4.0;
				TARGETED_DEVICE_FAMILY = "1,2";
				TEST_HOST = "$(BUILT_PRODUCTS_DIR)/Project.app/Project";
			};
			name = Release;
		};
		547BC3E8206C70AC00F5D91A /* Debug */ = {
			isa = XCBuildConfiguration;
			buildSettings = {
				ALWAYS_EMBED_SWIFT_STANDARD_LIBRARIES = YES;
				CODE_SIGN_STYLE = Automatic;
				INFOPLIST_FILE = ProjectUITests/Info.plist;
				LD_RUNPATH_SEARCH_PATHS = "$(inherited) @executable_path/Frameworks @loader_path/Frameworks";
				PRODUCT_BUNDLE_IDENTIFIER = cs329egroupproject.ProjectUITests;
				PRODUCT_NAME = "$(TARGET_NAME)";
				SWIFT_VERSION = 4.0;
				TARGETED_DEVICE_FAMILY = "1,2";
				TEST_TARGET_NAME = Project;
			};
			name = Debug;
		};
		547BC3E9206C70AC00F5D91A /* Release */ = {
			isa = XCBuildConfiguration;
			buildSettings = {
				ALWAYS_EMBED_SWIFT_STANDARD_LIBRARIES = YES;
				CODE_SIGN_STYLE = Automatic;
				INFOPLIST_FILE = ProjectUITests/Info.plist;
				LD_RUNPATH_SEARCH_PATHS = "$(inherited) @executable_path/Frameworks @loader_path/Frameworks";
				PRODUCT_BUNDLE_IDENTIFIER = cs329egroupproject.ProjectUITests;
				PRODUCT_NAME = "$(TARGET_NAME)";
				SWIFT_VERSION = 4.0;
				TARGETED_DEVICE_FAMILY = "1,2";
				TEST_TARGET_NAME = Project;
			};
			name = Release;
		};
/* End XCBuildConfiguration section */

/* Begin XCConfigurationList section */
		547BC3B1206C70AB00F5D91A /* Build configuration list for PBXProject "Project" */ = {
			isa = XCConfigurationList;
			buildConfigurations = (
				547BC3DF206C70AC00F5D91A /* Debug */,
				547BC3E0206C70AC00F5D91A /* Release */,
			);
			defaultConfigurationIsVisible = 0;
			defaultConfigurationName = Release;
		};
		547BC3E1206C70AC00F5D91A /* Build configuration list for PBXNativeTarget "Project" */ = {
			isa = XCConfigurationList;
			buildConfigurations = (
				547BC3E2206C70AC00F5D91A /* Debug */,
				547BC3E3206C70AC00F5D91A /* Release */,
			);
			defaultConfigurationIsVisible = 0;
			defaultConfigurationName = Release;
		};
		547BC3E4206C70AC00F5D91A /* Build configuration list for PBXNativeTarget "ProjectTests" */ = {
			isa = XCConfigurationList;
			buildConfigurations = (
				547BC3E5206C70AC00F5D91A /* Debug */,
				547BC3E6206C70AC00F5D91A /* Release */,
			);
			defaultConfigurationIsVisible = 0;
			defaultConfigurationName = Release;
		};
		547BC3E7206C70AC00F5D91A /* Build configuration list for PBXNativeTarget "ProjectUITests" */ = {
			isa = XCConfigurationList;
			buildConfigurations = (
				547BC3E8206C70AC00F5D91A /* Debug */,
				547BC3E9206C70AC00F5D91A /* Release */,
			);
			defaultConfigurationIsVisible = 0;
			defaultConfigurationName = Release;
		};
/* End XCConfigurationList section */

/* Begin XCVersionGroup section */
		547BC3C0206C70AB00F5D91A /* Project.xcdatamodeld */ = {
			isa = XCVersionGroup;
			children = (
				547BC3C1206C70AB00F5D91A /* Project.xcdatamodel */,
			);
			currentVersion = 547BC3C1206C70AB00F5D91A /* Project.xcdatamodel */;
			path = Project.xcdatamodeld;
			sourceTree = "<group>";
			versionGroupType = wrapper.xcdatamodel;
		};
/* End XCVersionGroup section */
	};
	rootObject = 547BC3AE206C70AB00F5D91A /* Project object */;
}
